// !$*UTF8*$!
{
	archiveVersion = 1;
	classes = {
	};
	objectVersion = 50;
	objects = {

/* Begin PBXBuildFile section */
		1C8024F023996EB100105789 /* FormSectionView.swift in Sources */ = {isa = PBXBuildFile; fileRef = 1C8024EF23996EB100105789 /* FormSectionView.swift */; };
		1C8024F4239A617500105789 /* AutoMockable.generated.swift in Sources */ = {isa = PBXBuildFile; fileRef = 1C8024F3239A617500105789 /* AutoMockable.generated.swift */; };
		1C802508239A776A00105789 /* SharedMocks.swift in Sources */ = {isa = PBXBuildFile; fileRef = 1C802507239A776A00105789 /* SharedMocks.swift */; };
		1CB37AC6239D14C100FA5388 /* FormViewModelBuilderTests.swift in Sources */ = {isa = PBXBuildFile; fileRef = 1CB37AC5239D14C000FA5388 /* FormViewModelBuilderTests.swift */; };
		1CE049F623928E55000C99D9 /* AppDelegate.swift in Sources */ = {isa = PBXBuildFile; fileRef = 1CE049F523928E55000C99D9 /* AppDelegate.swift */; };
		1CE049FF23928E57000C99D9 /* Assets.xcassets in Resources */ = {isa = PBXBuildFile; fileRef = 1CE049FE23928E57000C99D9 /* Assets.xcassets */; };
		1CE04A0223928E57000C99D9 /* LaunchScreen.storyboard in Resources */ = {isa = PBXBuildFile; fileRef = 1CE04A0023928E57000C99D9 /* LaunchScreen.storyboard */; };
		1CE04A0D23928E57000C99D9 /* FormPhotoPickerViewModelBuilderTests.swift in Sources */ = {isa = PBXBuildFile; fileRef = 1CE04A0C23928E57000C99D9 /* FormPhotoPickerViewModelBuilderTests.swift */; };
		1CE04A1823928E57000C99D9 /* FormApproachingUITests.swift in Sources */ = {isa = PBXBuildFile; fileRef = 1CE04A1723928E57000C99D9 /* FormApproachingUITests.swift */; };
		1CFE2B5A2398112A001CA5B6 /* FormModelController.swift in Sources */ = {isa = PBXBuildFile; fileRef = 1CFE2B592398112A001CA5B6 /* FormModelController.swift */; };
		1CFE2B5D2398118A001CA5B6 /* Cancellable.swift in Sources */ = {isa = PBXBuildFile; fileRef = 1CFE2B5C2398118A001CA5B6 /* Cancellable.swift */; };
		1CFE2B5F2398120C001CA5B6 /* Dependencies.swift in Sources */ = {isa = PBXBuildFile; fileRef = 1CFE2B5E2398120C001CA5B6 /* Dependencies.swift */; };
		1CFE2B6223981285001CA5B6 /* FormBaseDataResponse.swift in Sources */ = {isa = PBXBuildFile; fileRef = 1CFE2B6123981285001CA5B6 /* FormBaseDataResponse.swift */; };
		1CFE2B64239814A7001CA5B6 /* FormViewModelBuilder.swift in Sources */ = {isa = PBXBuildFile; fileRef = 1CFE2B63239814A7001CA5B6 /* FormViewModelBuilder.swift */; };
		1CFE2B662398152E001CA5B6 /* FormView.swift in Sources */ = {isa = PBXBuildFile; fileRef = 1CFE2B652398152E001CA5B6 /* FormView.swift */; };
		1CFE2B6923981692001CA5B6 /* FormPhotoPickerView.swift in Sources */ = {isa = PBXBuildFile; fileRef = 1CFE2B6823981692001CA5B6 /* FormPhotoPickerView.swift */; };
		1CFE2B6B239819AD001CA5B6 /* FilledForm.swift in Sources */ = {isa = PBXBuildFile; fileRef = 1CFE2B6A239819AD001CA5B6 /* FilledForm.swift */; };
		1CFE2B6D239820B2001CA5B6 /* UploadPhotoResponse.swift in Sources */ = {isa = PBXBuildFile; fileRef = 1CFE2B6C239820B2001CA5B6 /* UploadPhotoResponse.swift */; };
		1CFE2B6F23985C59001CA5B6 /* FormPhotoPickerViewModelBuilder.swift in Sources */ = {isa = PBXBuildFile; fileRef = 1CFE2B6E23985C59001CA5B6 /* FormPhotoPickerViewModelBuilder.swift */; };
		1CFE2B7123990BBE001CA5B6 /* FormViewController.swift in Sources */ = {isa = PBXBuildFile; fileRef = 1CFE2B7023990BBE001CA5B6 /* FormViewController.swift */; };
		1CFE2B73239917E2001CA5B6 /* FormCoordinator.swift in Sources */ = {isa = PBXBuildFile; fileRef = 1CFE2B72239917E2001CA5B6 /* FormCoordinator.swift */; };
		1CFE2B752399195E001CA5B6 /* ControllersBuilder.swift in Sources */ = {isa = PBXBuildFile; fileRef = 1CFE2B742399195E001CA5B6 /* ControllersBuilder.swift */; };
/* End PBXBuildFile section */

/* Begin PBXContainerItemProxy section */
		1CE04A0923928E57000C99D9 /* PBXContainerItemProxy */ = {
			isa = PBXContainerItemProxy;
			containerPortal = 1CE049EA23928E55000C99D9 /* Project object */;
			proxyType = 1;
			remoteGlobalIDString = 1CE049F123928E55000C99D9;
			remoteInfo = FormApproaching;
		};
		1CE04A1423928E57000C99D9 /* PBXContainerItemProxy */ = {
			isa = PBXContainerItemProxy;
			containerPortal = 1CE049EA23928E55000C99D9 /* Project object */;
			proxyType = 1;
			remoteGlobalIDString = 1CE049F123928E55000C99D9;
			remoteInfo = FormApproaching;
		};
/* End PBXContainerItemProxy section */

/* Begin PBXFileReference section */
		1C8024EF23996EB100105789 /* FormSectionView.swift */ = {isa = PBXFileReference; lastKnownFileType = sourcecode.swift; path = FormSectionView.swift; sourceTree = "<group>"; };
		1C8024F3239A617500105789 /* AutoMockable.generated.swift */ = {isa = PBXFileReference; fileEncoding = 4; lastKnownFileType = sourcecode.swift; path = AutoMockable.generated.swift; sourceTree = "<group>"; };
		1C802507239A776A00105789 /* SharedMocks.swift */ = {isa = PBXFileReference; lastKnownFileType = sourcecode.swift; path = SharedMocks.swift; sourceTree = "<group>"; };
		1CB37AC5239D14C000FA5388 /* FormViewModelBuilderTests.swift */ = {isa = PBXFileReference; lastKnownFileType = sourcecode.swift; path = FormViewModelBuilderTests.swift; sourceTree = "<group>"; };
		1CE049F223928E55000C99D9 /* FormApproaching.app */ = {isa = PBXFileReference; explicitFileType = wrapper.application; includeInIndex = 0; path = FormApproaching.app; sourceTree = BUILT_PRODUCTS_DIR; };
		1CE049F523928E55000C99D9 /* AppDelegate.swift */ = {isa = PBXFileReference; lastKnownFileType = sourcecode.swift; path = AppDelegate.swift; sourceTree = "<group>"; };
		1CE049FE23928E57000C99D9 /* Assets.xcassets */ = {isa = PBXFileReference; lastKnownFileType = folder.assetcatalog; path = Assets.xcassets; sourceTree = "<group>"; };
		1CE04A0123928E57000C99D9 /* Base */ = {isa = PBXFileReference; lastKnownFileType = file.storyboard; name = Base; path = Base.lproj/LaunchScreen.storyboard; sourceTree = "<group>"; };
		1CE04A0323928E57000C99D9 /* Info.plist */ = {isa = PBXFileReference; lastKnownFileType = text.plist.xml; path = Info.plist; sourceTree = "<group>"; };
		1CE04A0823928E57000C99D9 /* FormApproachingTests.xctest */ = {isa = PBXFileReference; explicitFileType = wrapper.cfbundle; includeInIndex = 0; path = FormApproachingTests.xctest; sourceTree = BUILT_PRODUCTS_DIR; };
		1CE04A0C23928E57000C99D9 /* FormPhotoPickerViewModelBuilderTests.swift */ = {isa = PBXFileReference; lastKnownFileType = sourcecode.swift; path = FormPhotoPickerViewModelBuilderTests.swift; sourceTree = "<group>"; };
		1CE04A0E23928E57000C99D9 /* Info.plist */ = {isa = PBXFileReference; lastKnownFileType = text.plist.xml; path = Info.plist; sourceTree = "<group>"; };
		1CE04A1323928E57000C99D9 /* FormApproachingUITests.xctest */ = {isa = PBXFileReference; explicitFileType = wrapper.cfbundle; includeInIndex = 0; path = FormApproachingUITests.xctest; sourceTree = BUILT_PRODUCTS_DIR; };
		1CE04A1723928E57000C99D9 /* FormApproachingUITests.swift */ = {isa = PBXFileReference; lastKnownFileType = sourcecode.swift; path = FormApproachingUITests.swift; sourceTree = "<group>"; };
		1CE04A1923928E57000C99D9 /* Info.plist */ = {isa = PBXFileReference; lastKnownFileType = text.plist.xml; path = Info.plist; sourceTree = "<group>"; };
		1CFE2B592398112A001CA5B6 /* FormModelController.swift */ = {isa = PBXFileReference; lastKnownFileType = sourcecode.swift; path = FormModelController.swift; sourceTree = "<group>"; };
		1CFE2B5C2398118A001CA5B6 /* Cancellable.swift */ = {isa = PBXFileReference; lastKnownFileType = sourcecode.swift; path = Cancellable.swift; sourceTree = "<group>"; };
		1CFE2B5E2398120C001CA5B6 /* Dependencies.swift */ = {isa = PBXFileReference; lastKnownFileType = sourcecode.swift; path = Dependencies.swift; sourceTree = "<group>"; };
		1CFE2B6123981285001CA5B6 /* FormBaseDataResponse.swift */ = {isa = PBXFileReference; lastKnownFileType = sourcecode.swift; path = FormBaseDataResponse.swift; sourceTree = "<group>"; };
		1CFE2B63239814A7001CA5B6 /* FormViewModelBuilder.swift */ = {isa = PBXFileReference; lastKnownFileType = sourcecode.swift; path = FormViewModelBuilder.swift; sourceTree = "<group>"; };
		1CFE2B652398152E001CA5B6 /* FormView.swift */ = {isa = PBXFileReference; lastKnownFileType = sourcecode.swift; path = FormView.swift; sourceTree = "<group>"; };
		1CFE2B6823981692001CA5B6 /* FormPhotoPickerView.swift */ = {isa = PBXFileReference; lastKnownFileType = sourcecode.swift; path = FormPhotoPickerView.swift; sourceTree = "<group>"; };
		1CFE2B6A239819AD001CA5B6 /* FilledForm.swift */ = {isa = PBXFileReference; lastKnownFileType = sourcecode.swift; path = FilledForm.swift; sourceTree = "<group>"; };
		1CFE2B6C239820B2001CA5B6 /* UploadPhotoResponse.swift */ = {isa = PBXFileReference; lastKnownFileType = sourcecode.swift; path = UploadPhotoResponse.swift; sourceTree = "<group>"; };
		1CFE2B6E23985C59001CA5B6 /* FormPhotoPickerViewModelBuilder.swift */ = {isa = PBXFileReference; lastKnownFileType = sourcecode.swift; path = FormPhotoPickerViewModelBuilder.swift; sourceTree = "<group>"; };
		1CFE2B7023990BBE001CA5B6 /* FormViewController.swift */ = {isa = PBXFileReference; lastKnownFileType = sourcecode.swift; path = FormViewController.swift; sourceTree = "<group>"; };
		1CFE2B72239917E2001CA5B6 /* FormCoordinator.swift */ = {isa = PBXFileReference; lastKnownFileType = sourcecode.swift; path = FormCoordinator.swift; sourceTree = "<group>"; };
		1CFE2B742399195E001CA5B6 /* ControllersBuilder.swift */ = {isa = PBXFileReference; lastKnownFileType = sourcecode.swift; path = ControllersBuilder.swift; sourceTree = "<group>"; };
/* End PBXFileReference section */

/* Begin PBXFrameworksBuildPhase section */
		1CE049EF23928E55000C99D9 /* Frameworks */ = {
			isa = PBXFrameworksBuildPhase;
			buildActionMask = 2147483647;
			files = (
			);
			runOnlyForDeploymentPostprocessing = 0;
		};
		1CE04A0523928E57000C99D9 /* Frameworks */ = {
			isa = PBXFrameworksBuildPhase;
			buildActionMask = 2147483647;
			files = (
			);
			runOnlyForDeploymentPostprocessing = 0;
		};
		1CE04A1023928E57000C99D9 /* Frameworks */ = {
			isa = PBXFrameworksBuildPhase;
			buildActionMask = 2147483647;
			files = (
			);
			runOnlyForDeploymentPostprocessing = 0;
		};
/* End PBXFrameworksBuildPhase section */

/* Begin PBXGroup section */
		1C8024EE23996EA200105789 /* Views */ = {
			isa = PBXGroup;
			children = (
				1CFE2B652398152E001CA5B6 /* FormView.swift */,
				1C8024EF23996EB100105789 /* FormSectionView.swift */,
				1CFE2B6723981685001CA5B6 /* Photo */,
			);
			path = Views;
			sourceTree = "<group>";
		};
		1CB37AC4239BE35700FA5388 /* Form */ = {
			isa = PBXGroup;
			children = (
				1CE04A0C23928E57000C99D9 /* FormPhotoPickerViewModelBuilderTests.swift */,
				1CB37AC5239D14C000FA5388 /* FormViewModelBuilderTests.swift */,
			);
			path = Form;
			sourceTree = "<group>";
		};
		1CE049E923928E55000C99D9 = {
			isa = PBXGroup;
			children = (
				1CE049F423928E55000C99D9 /* FormApproaching */,
				1CE04A0B23928E57000C99D9 /* FormApproachingTests */,
				1CE04A1623928E57000C99D9 /* FormApproachingUITests */,
				1CE049F323928E55000C99D9 /* Products */,
			);
			sourceTree = "<group>";
		};
		1CE049F323928E55000C99D9 /* Products */ = {
			isa = PBXGroup;
			children = (
				1CE049F223928E55000C99D9 /* FormApproaching.app */,
				1CE04A0823928E57000C99D9 /* FormApproachingTests.xctest */,
				1CE04A1323928E57000C99D9 /* FormApproachingUITests.xctest */,
			);
			name = Products;
			sourceTree = "<group>";
		};
		1CE049F423928E55000C99D9 /* FormApproaching */ = {
			isa = PBXGroup;
			children = (
				1CFE2B602398127A001CA5B6 /* Models */,
				1CFE2B5B23981184001CA5B6 /* Utils */,
				1CFE2B5823981122001CA5B6 /* Form */,
				1CE049F523928E55000C99D9 /* AppDelegate.swift */,
				1CE049FE23928E57000C99D9 /* Assets.xcassets */,
				1CE04A0023928E57000C99D9 /* LaunchScreen.storyboard */,
				1CE04A0323928E57000C99D9 /* Info.plist */,
			);
			path = FormApproaching;
			sourceTree = "<group>";
		};
		1CE04A0B23928E57000C99D9 /* FormApproachingTests */ = {
			isa = PBXGroup;
			children = (
				1CB37AC4239BE35700FA5388 /* Form */,
				1C8024F3239A617500105789 /* AutoMockable.generated.swift */,
				1C802507239A776A00105789 /* SharedMocks.swift */,
				1CE04A0E23928E57000C99D9 /* Info.plist */,
			);
			path = FormApproachingTests;
			sourceTree = "<group>";
		};
		1CE04A1623928E57000C99D9 /* FormApproachingUITests */ = {
			isa = PBXGroup;
			children = (
				1CE04A1723928E57000C99D9 /* FormApproachingUITests.swift */,
				1CE04A1923928E57000C99D9 /* Info.plist */,
			);
			path = FormApproachingUITests;
			sourceTree = "<group>";
		};
		1CFE2B5823981122001CA5B6 /* Form */ = {
			isa = PBXGroup;
			children = (
				1C8024EE23996EA200105789 /* Views */,
				1CFE2B72239917E2001CA5B6 /* FormCoordinator.swift */,
				1CFE2B592398112A001CA5B6 /* FormModelController.swift */,
				1CFE2B63239814A7001CA5B6 /* FormViewModelBuilder.swift */,
				1CFE2B6A239819AD001CA5B6 /* FilledForm.swift */,
				1CFE2B7023990BBE001CA5B6 /* FormViewController.swift */,
			);
			path = Form;
			sourceTree = "<group>";
		};
		1CFE2B5B23981184001CA5B6 /* Utils */ = {
			isa = PBXGroup;
			children = (
				1CFE2B5C2398118A001CA5B6 /* Cancellable.swift */,
				1CFE2B5E2398120C001CA5B6 /* Dependencies.swift */,
				1CFE2B742399195E001CA5B6 /* ControllersBuilder.swift */,
			);
			path = Utils;
			sourceTree = "<group>";
		};
		1CFE2B602398127A001CA5B6 /* Models */ = {
			isa = PBXGroup;
			children = (
				1CFE2B6123981285001CA5B6 /* FormBaseDataResponse.swift */,
				1CFE2B6C239820B2001CA5B6 /* UploadPhotoResponse.swift */,
			);
			path = Models;
			sourceTree = "<group>";
		};
		1CFE2B6723981685001CA5B6 /* Photo */ = {
			isa = PBXGroup;
			children = (
				1CFE2B6823981692001CA5B6 /* FormPhotoPickerView.swift */,
				1CFE2B6E23985C59001CA5B6 /* FormPhotoPickerViewModelBuilder.swift */,
			);
			path = Photo;
			sourceTree = "<group>";
		};
/* End PBXGroup section */

/* Begin PBXNativeTarget section */
		1CE049F123928E55000C99D9 /* FormApproaching */ = {
			isa = PBXNativeTarget;
			buildConfigurationList = 1CE04A1C23928E57000C99D9 /* Build configuration list for PBXNativeTarget "FormApproaching" */;
			buildPhases = (
				1CE049EE23928E55000C99D9 /* Sources */,
				1CE049EF23928E55000C99D9 /* Frameworks */,
				1CE049F023928E55000C99D9 /* Resources */,
			);
			buildRules = (
			);
			dependencies = (
			);
			name = FormApproaching;
			productName = FormApproaching;
			productReference = 1CE049F223928E55000C99D9 /* FormApproaching.app */;
			productType = "com.apple.product-type.application";
		};
		1CE04A0723928E57000C99D9 /* FormApproachingTests */ = {
			isa = PBXNativeTarget;
			buildConfigurationList = 1CE04A1F23928E57000C99D9 /* Build configuration list for PBXNativeTarget "FormApproachingTests" */;
			buildPhases = (
				1C8024F1239A54C900105789 /* Generate mocks */,
				1CE04A0423928E57000C99D9 /* Sources */,
				1CE04A0523928E57000C99D9 /* Frameworks */,
				1CE04A0623928E57000C99D9 /* Resources */,
			);
			buildRules = (
			);
			dependencies = (
				1CE04A0A23928E57000C99D9 /* PBXTargetDependency */,
			);
			name = FormApproachingTests;
			productName = FormApproachingTests;
			productReference = 1CE04A0823928E57000C99D9 /* FormApproachingTests.xctest */;
			productType = "com.apple.product-type.bundle.unit-test";
		};
		1CE04A1223928E57000C99D9 /* FormApproachingUITests */ = {
			isa = PBXNativeTarget;
			buildConfigurationList = 1CE04A2223928E57000C99D9 /* Build configuration list for PBXNativeTarget "FormApproachingUITests" */;
			buildPhases = (
				1CE04A0F23928E57000C99D9 /* Sources */,
				1CE04A1023928E57000C99D9 /* Frameworks */,
				1CE04A1123928E57000C99D9 /* Resources */,
			);
			buildRules = (
			);
			dependencies = (
				1CE04A1523928E57000C99D9 /* PBXTargetDependency */,
			);
			name = FormApproachingUITests;
			productName = FormApproachingUITests;
			productReference = 1CE04A1323928E57000C99D9 /* FormApproachingUITests.xctest */;
			productType = "com.apple.product-type.bundle.ui-testing";
		};
/* End PBXNativeTarget section */

/* Begin PBXProject section */
		1CE049EA23928E55000C99D9 /* Project object */ = {
			isa = PBXProject;
			attributes = {
				LastSwiftUpdateCheck = 1110;
				LastUpgradeCheck = 1110;
				ORGANIZATIONNAME = "Szymon Mrozek";
				TargetAttributes = {
					1CE049F123928E55000C99D9 = {
						CreatedOnToolsVersion = 11.1;
					};
					1CE04A0723928E57000C99D9 = {
						CreatedOnToolsVersion = 11.1;
						TestTargetID = 1CE049F123928E55000C99D9;
					};
					1CE04A1223928E57000C99D9 = {
						CreatedOnToolsVersion = 11.1;
						TestTargetID = 1CE049F123928E55000C99D9;
					};
				};
			};
			buildConfigurationList = 1CE049ED23928E55000C99D9 /* Build configuration list for PBXProject "FormApproaching" */;
			compatibilityVersion = "Xcode 9.3";
			developmentRegion = en;
			hasScannedForEncodings = 0;
			knownRegions = (
				en,
				Base,
			);
			mainGroup = 1CE049E923928E55000C99D9;
			productRefGroup = 1CE049F323928E55000C99D9 /* Products */;
			projectDirPath = "";
			projectRoot = "";
			targets = (
				1CE049F123928E55000C99D9 /* FormApproaching */,
				1CE04A0723928E57000C99D9 /* FormApproachingTests */,
				1CE04A1223928E57000C99D9 /* FormApproachingUITests */,
			);
		};
/* End PBXProject section */

/* Begin PBXResourcesBuildPhase section */
		1CE049F023928E55000C99D9 /* Resources */ = {
			isa = PBXResourcesBuildPhase;
			buildActionMask = 2147483647;
			files = (
				1CE04A0223928E57000C99D9 /* LaunchScreen.storyboard in Resources */,
				1CE049FF23928E57000C99D9 /* Assets.xcassets in Resources */,
			);
			runOnlyForDeploymentPostprocessing = 0;
		};
		1CE04A0623928E57000C99D9 /* Resources */ = {
			isa = PBXResourcesBuildPhase;
			buildActionMask = 2147483647;
			files = (
			);
			runOnlyForDeploymentPostprocessing = 0;
		};
		1CE04A1123928E57000C99D9 /* Resources */ = {
			isa = PBXResourcesBuildPhase;
			buildActionMask = 2147483647;
			files = (
			);
			runOnlyForDeploymentPostprocessing = 0;
		};
/* End PBXResourcesBuildPhase section */

/* Begin PBXShellScriptBuildPhase section */
		1C8024F1239A54C900105789 /* Generate mocks */ = {
			isa = PBXShellScriptBuildPhase;
			buildActionMask = 2147483647;
			files = (
			);
			inputFileListPaths = (
			);
			inputPaths = (
			);
			name = "Generate mocks";
			outputFileListPaths = (
			);
			outputPaths = (
			);
			runOnlyForDeploymentPostprocessing = 0;
			shellPath = /bin/sh;
			shellScript = "\"${PROJECT_DIR}/Pods/Sourcery/bin/sourcery\" --sources \"${PROJECT_DIR}/FormApproaching/\" --templates \"${PROJECT_DIR}/SourceryTemplates/AutoMockable.stencil\" --output \"${PROJECT_DIR}/FormApproachingTests/AutoMockable.generated.swift\" --disableCache\n";
		};
/* End PBXShellScriptBuildPhase section */

/* Begin PBXSourcesBuildPhase section */
		1CE049EE23928E55000C99D9 /* Sources */ = {
			isa = PBXSourcesBuildPhase;
			buildActionMask = 2147483647;
			files = (
				1CFE2B752399195E001CA5B6 /* ControllersBuilder.swift in Sources */,
				1CFE2B6D239820B2001CA5B6 /* UploadPhotoResponse.swift in Sources */,
				1CFE2B5D2398118A001CA5B6 /* Cancellable.swift in Sources */,
				1CFE2B7123990BBE001CA5B6 /* FormViewController.swift in Sources */,
				1C8024F023996EB100105789 /* FormSectionView.swift in Sources */,
				1CFE2B6B239819AD001CA5B6 /* FilledForm.swift in Sources */,
				1CFE2B662398152E001CA5B6 /* FormView.swift in Sources */,
				1CFE2B6923981692001CA5B6 /* FormPhotoPickerView.swift in Sources */,
				1CFE2B5A2398112A001CA5B6 /* FormModelController.swift in Sources */,
				1CE049F623928E55000C99D9 /* AppDelegate.swift in Sources */,
				1CFE2B64239814A7001CA5B6 /* FormViewModelBuilder.swift in Sources */,
				1CFE2B6F23985C59001CA5B6 /* FormPhotoPickerViewModelBuilder.swift in Sources */,
				1CFE2B73239917E2001CA5B6 /* FormCoordinator.swift in Sources */,
				1CFE2B5F2398120C001CA5B6 /* Dependencies.swift in Sources */,
				1CFE2B6223981285001CA5B6 /* FormBaseDataResponse.swift in Sources */,
			);
			runOnlyForDeploymentPostprocessing = 0;
		};
		1CE04A0423928E57000C99D9 /* Sources */ = {
			isa = PBXSourcesBuildPhase;
			buildActionMask = 2147483647;
			files = (
				1CB37AC6239D14C100FA5388 /* FormViewModelBuilderTests.swift in Sources */,
				1C802508239A776A00105789 /* SharedMocks.swift in Sources */,
				1CE04A0D23928E57000C99D9 /* FormPhotoPickerViewModelBuilderTests.swift in Sources */,
				1C8024F4239A617500105789 /* AutoMockable.generated.swift in Sources */,
			);
			runOnlyForDeploymentPostprocessing = 0;
		};
		1CE04A0F23928E57000C99D9 /* Sources */ = {
			isa = PBXSourcesBuildPhase;
			buildActionMask = 2147483647;
			files = (
				1CE04A1823928E57000C99D9 /* FormApproachingUITests.swift in Sources */,
			);
			runOnlyForDeploymentPostprocessing = 0;
		};
/* End PBXSourcesBuildPhase section */

/* Begin PBXTargetDependency section */
		1CE04A0A23928E57000C99D9 /* PBXTargetDependency */ = {
			isa = PBXTargetDependency;
			target = 1CE049F123928E55000C99D9 /* FormApproaching */;
			targetProxy = 1CE04A0923928E57000C99D9 /* PBXContainerItemProxy */;
		};
		1CE04A1523928E57000C99D9 /* PBXTargetDependency */ = {
			isa = PBXTargetDependency;
			target = 1CE049F123928E55000C99D9 /* FormApproaching */;
			targetProxy = 1CE04A1423928E57000C99D9 /* PBXContainerItemProxy */;
		};
/* End PBXTargetDependency section */

/* Begin PBXVariantGroup section */
		1CE04A0023928E57000C99D9 /* LaunchScreen.storyboard */ = {
			isa = PBXVariantGroup;
			children = (
				1CE04A0123928E57000C99D9 /* Base */,
			);
			name = LaunchScreen.storyboard;
			sourceTree = "<group>";
		};
/* End PBXVariantGroup section */

/* Begin XCBuildConfiguration section */
		1CE04A1A23928E57000C99D9 /* Debug */ = {
			isa = XCBuildConfiguration;
			buildSettings = {
				ALWAYS_SEARCH_USER_PATHS = NO;
				CLANG_ANALYZER_NONNULL = YES;
				CLANG_ANALYZER_NUMBER_OBJECT_CONVERSION = YES_AGGRESSIVE;
				CLANG_CXX_LANGUAGE_STANDARD = "gnu++14";
				CLANG_CXX_LIBRARY = "libc++";
				CLANG_ENABLE_MODULES = YES;
				CLANG_ENABLE_OBJC_ARC = YES;
				CLANG_ENABLE_OBJC_WEAK = YES;
				CLANG_WARN_BLOCK_CAPTURE_AUTORELEASING = YES;
				CLANG_WARN_BOOL_CONVERSION = YES;
				CLANG_WARN_COMMA = YES;
				CLANG_WARN_CONSTANT_CONVERSION = YES;
				CLANG_WARN_DEPRECATED_OBJC_IMPLEMENTATIONS = YES;
				CLANG_WARN_DIRECT_OBJC_ISA_USAGE = YES_ERROR;
				CLANG_WARN_DOCUMENTATION_COMMENTS = YES;
				CLANG_WARN_EMPTY_BODY = YES;
				CLANG_WARN_ENUM_CONVERSION = YES;
				CLANG_WARN_INFINITE_RECURSION = YES;
				CLANG_WARN_INT_CONVERSION = YES;
				CLANG_WARN_NON_LITERAL_NULL_CONVERSION = YES;
				CLANG_WARN_OBJC_IMPLICIT_RETAIN_SELF = YES;
				CLANG_WARN_OBJC_LITERAL_CONVERSION = YES;
				CLANG_WARN_OBJC_ROOT_CLASS = YES_ERROR;
				CLANG_WARN_RANGE_LOOP_ANALYSIS = YES;
				CLANG_WARN_STRICT_PROTOTYPES = YES;
				CLANG_WARN_SUSPICIOUS_MOVE = YES;
				CLANG_WARN_UNGUARDED_AVAILABILITY = YES_AGGRESSIVE;
				CLANG_WARN_UNREACHABLE_CODE = YES;
				CLANG_WARN__DUPLICATE_METHOD_MATCH = YES;
				COPY_PHASE_STRIP = NO;
				DEBUG_INFORMATION_FORMAT = dwarf;
				ENABLE_STRICT_OBJC_MSGSEND = YES;
				ENABLE_TESTABILITY = YES;
				GCC_C_LANGUAGE_STANDARD = gnu11;
				GCC_DYNAMIC_NO_PIC = NO;
				GCC_NO_COMMON_BLOCKS = YES;
				GCC_OPTIMIZATION_LEVEL = 0;
				GCC_PREPROCESSOR_DEFINITIONS = (
					"DEBUG=1",
					"$(inherited)",
				);
				GCC_WARN_64_TO_32_BIT_CONVERSION = YES;
				GCC_WARN_ABOUT_RETURN_TYPE = YES_ERROR;
				GCC_WARN_UNDECLARED_SELECTOR = YES;
				GCC_WARN_UNINITIALIZED_AUTOS = YES_AGGRESSIVE;
				GCC_WARN_UNUSED_FUNCTION = YES;
				GCC_WARN_UNUSED_VARIABLE = YES;
				IPHONEOS_DEPLOYMENT_TARGET = 13.1;
				MTL_ENABLE_DEBUG_INFO = INCLUDE_SOURCE;
				MTL_FAST_MATH = YES;
				ONLY_ACTIVE_ARCH = YES;
				SDKROOT = iphoneos;
				SWIFT_ACTIVE_COMPILATION_CONDITIONS = DEBUG;
				SWIFT_OPTIMIZATION_LEVEL = "-Onone";
			};
			name = Debug;
		};
		1CE04A1B23928E57000C99D9 /* Release */ = {
			isa = XCBuildConfiguration;
			buildSettings = {
				ALWAYS_SEARCH_USER_PATHS = NO;
				CLANG_ANALYZER_NONNULL = YES;
				CLANG_ANALYZER_NUMBER_OBJECT_CONVERSION = YES_AGGRESSIVE;
				CLANG_CXX_LANGUAGE_STANDARD = "gnu++14";
				CLANG_CXX_LIBRARY = "libc++";
				CLANG_ENABLE_MODULES = YES;
				CLANG_ENABLE_OBJC_ARC = YES;
				CLANG_ENABLE_OBJC_WEAK = YES;
				CLANG_WARN_BLOCK_CAPTURE_AUTORELEASING = YES;
				CLANG_WARN_BOOL_CONVERSION = YES;
				CLANG_WARN_COMMA = YES;
				CLANG_WARN_CONSTANT_CONVERSION = YES;
				CLANG_WARN_DEPRECATED_OBJC_IMPLEMENTATIONS = YES;
				CLANG_WARN_DIRECT_OBJC_ISA_USAGE = YES_ERROR;
				CLANG_WARN_DOCUMENTATION_COMMENTS = YES;
				CLANG_WARN_EMPTY_BODY = YES;
				CLANG_WARN_ENUM_CONVERSION = YES;
				CLANG_WARN_INFINITE_RECURSION = YES;
				CLANG_WARN_INT_CONVERSION = YES;
				CLANG_WARN_NON_LITERAL_NULL_CONVERSION = YES;
				CLANG_WARN_OBJC_IMPLICIT_RETAIN_SELF = YES;
				CLANG_WARN_OBJC_LITERAL_CONVERSION = YES;
				CLANG_WARN_OBJC_ROOT_CLASS = YES_ERROR;
				CLANG_WARN_RANGE_LOOP_ANALYSIS = YES;
				CLANG_WARN_STRICT_PROTOTYPES = YES;
				CLANG_WARN_SUSPICIOUS_MOVE = YES;
				CLANG_WARN_UNGUARDED_AVAILABILITY = YES_AGGRESSIVE;
				CLANG_WARN_UNREACHABLE_CODE = YES;
				CLANG_WARN__DUPLICATE_METHOD_MATCH = YES;
				COPY_PHASE_STRIP = NO;
				DEBUG_INFORMATION_FORMAT = "dwarf-with-dsym";
				ENABLE_NS_ASSERTIONS = NO;
				ENABLE_STRICT_OBJC_MSGSEND = YES;
				GCC_C_LANGUAGE_STANDARD = gnu11;
				GCC_NO_COMMON_BLOCKS = YES;
				GCC_WARN_64_TO_32_BIT_CONVERSION = YES;
				GCC_WARN_ABOUT_RETURN_TYPE = YES_ERROR;
				GCC_WARN_UNDECLARED_SELECTOR = YES;
				GCC_WARN_UNINITIALIZED_AUTOS = YES_AGGRESSIVE;
				GCC_WARN_UNUSED_FUNCTION = YES;
				GCC_WARN_UNUSED_VARIABLE = YES;
				IPHONEOS_DEPLOYMENT_TARGET = 13.1;
				MTL_ENABLE_DEBUG_INFO = NO;
				MTL_FAST_MATH = YES;
				SDKROOT = iphoneos;
				SWIFT_COMPILATION_MODE = wholemodule;
				SWIFT_OPTIMIZATION_LEVEL = "-O";
				VALIDATE_PRODUCT = YES;
			};
			name = Release;
		};
		1CE04A1D23928E57000C99D9 /* Debug */ = {
			isa = XCBuildConfiguration;
			buildSettings = {
				ASSETCATALOG_COMPILER_APPICON_NAME = AppIcon;
				CODE_SIGN_STYLE = Automatic;
				INFOPLIST_FILE = FormApproaching/Info.plist;
				LD_RUNPATH_SEARCH_PATHS = (
					"$(inherited)",
					"@executable_path/Frameworks",
				);
				PRODUCT_BUNDLE_IDENTIFIER = test.FormApproaching;
				PRODUCT_NAME = "$(TARGET_NAME)";
				SWIFT_VERSION = 5.0;
				TARGETED_DEVICE_FAMILY = "1,2";
			};
			name = Debug;
		};
		1CE04A1E23928E57000C99D9 /* Release */ = {
			isa = XCBuildConfiguration;
			buildSettings = {
				ASSETCATALOG_COMPILER_APPICON_NAME = AppIcon;
				CODE_SIGN_STYLE = Automatic;
				INFOPLIST_FILE = FormApproaching/Info.plist;
				LD_RUNPATH_SEARCH_PATHS = (
					"$(inherited)",
					"@executable_path/Frameworks",
				);
				PRODUCT_BUNDLE_IDENTIFIER = test.FormApproaching;
				PRODUCT_NAME = "$(TARGET_NAME)";
				SWIFT_VERSION = 5.0;
				TARGETED_DEVICE_FAMILY = "1,2";
			};
			name = Release;
		};
		1CE04A2023928E57000C99D9 /* Debug */ = {
			isa = XCBuildConfiguration;
			buildSettings = {
				ALWAYS_EMBED_SWIFT_STANDARD_LIBRARIES = YES;
				BUNDLE_LOADER = "$(TEST_HOST)";
				CODE_SIGN_STYLE = Automatic;
				INFOPLIST_FILE = FormApproachingTests/Info.plist;
				IPHONEOS_DEPLOYMENT_TARGET = 13.1;
				LD_RUNPATH_SEARCH_PATHS = (
					"$(inherited)",
					"@executable_path/Frameworks",
					"@loader_path/Frameworks",
				);
				PRODUCT_BUNDLE_IDENTIFIER = test.FormApproachingTests;
				PRODUCT_NAME = "$(TARGET_NAME)";
				SWIFT_VERSION = 5.0;
				TARGETED_DEVICE_FAMILY = "1,2";
				TEST_HOST = "$(BUILT_PRODUCTS_DIR)/FormApproaching.app/FormApproaching";
			};
			name = Debug;
		};
		1CE04A2123928E57000C99D9 /* Release */ = {
			isa = XCBuildConfiguration;
			buildSettings = {
				ALWAYS_EMBED_SWIFT_STANDARD_LIBRARIES = YES;
				BUNDLE_LOADER = "$(TEST_HOST)";
				CODE_SIGN_STYLE = Automatic;
				INFOPLIST_FILE = FormApproachingTests/Info.plist;
				IPHONEOS_DEPLOYMENT_TARGET = 13.1;
				LD_RUNPATH_SEARCH_PATHS = (
					"$(inherited)",
					"@executable_path/Frameworks",
					"@loader_path/Frameworks",
				);
				PRODUCT_BUNDLE_IDENTIFIER = test.FormApproachingTests;
				PRODUCT_NAME = "$(TARGET_NAME)";
				SWIFT_VERSION = 5.0;
				TARGETED_DEVICE_FAMILY = "1,2";
				TEST_HOST = "$(BUILT_PRODUCTS_DIR)/FormApproaching.app/FormApproaching";
			};
			name = Release;
		};
		1CE04A2323928E57000C99D9 /* Debug */ = {
			isa = XCBuildConfiguration;
			buildSettings = {
				ALWAYS_EMBED_SWIFT_STANDARD_LIBRARIES = YES;
				CODE_SIGN_STYLE = Automatic;
				INFOPLIST_FILE = FormApproachingUITests/Info.plist;
				LD_RUNPATH_SEARCH_PATHS = (
					"$(inherited)",
					"@executable_path/Frameworks",
					"@loader_path/Frameworks",
				);
				PRODUCT_BUNDLE_IDENTIFIER = test.FormApproachingUITests;
				PRODUCT_NAME = "$(TARGET_NAME)";
				SWIFT_VERSION = 5.0;
				TARGETED_DEVICE_FAMILY = "1,2";
				TEST_TARGET_NAME = FormApproaching;
			};
			name = Debug;
		};
		1CE04A2423928E57000C99D9 /* Release */ = {
			isa = XCBuildConfiguration;
			buildSettings = {
				ALWAYS_EMBED_SWIFT_STANDARD_LIBRARIES = YES;
				CODE_SIGN_STYLE = Automatic;
				INFOPLIST_FILE = FormApproachingUITests/Info.plist;
				LD_RUNPATH_SEARCH_PATHS = (
					"$(inherited)",
					"@executable_path/Frameworks",
					"@loader_path/Frameworks",
				);
				PRODUCT_BUNDLE_IDENTIFIER = test.FormApproachingUITests;
				PRODUCT_NAME = "$(TARGET_NAME)";
				SWIFT_VERSION = 5.0;
				TARGETED_DEVICE_FAMILY = "1,2";
				TEST_TARGET_NAME = FormApproaching;
			};
			name = Release;
		};
/* End XCBuildConfiguration section */

/* Begin XCConfigurationList section */
		1CE049ED23928E55000C99D9 /* Build configuration list for PBXProject "FormApproaching" */ = {
			isa = XCConfigurationList;
			buildConfigurations = (
				1CE04A1A23928E57000C99D9 /* Debug */,
				1CE04A1B23928E57000C99D9 /* Release */,
			);
			defaultConfigurationIsVisible = 0;
			defaultConfigurationName = Release;
		};
		1CE04A1C23928E57000C99D9 /* Build configuration list for PBXNativeTarget "FormApproaching" */ = {
			isa = XCConfigurationList;
			buildConfigurations = (
				1CE04A1D23928E57000C99D9 /* Debug */,
				1CE04A1E23928E57000C99D9 /* Release */,
			);
			defaultConfigurationIsVisible = 0;
			defaultConfigurationName = Release;
		};
		1CE04A1F23928E57000C99D9 /* Build configuration list for PBXNativeTarget "FormApproachingTests" */ = {
			isa = XCConfigurationList;
			buildConfigurations = (
				1CE04A2023928E57000C99D9 /* Debug */,
				1CE04A2123928E57000C99D9 /* Release */,
			);
			defaultConfigurationIsVisible = 0;
			defaultConfigurationName = Release;
		};
		1CE04A2223928E57000C99D9 /* Build configuration list for PBXNativeTarget "FormApproachingUITests" */ = {
			isa = XCConfigurationList;
			buildConfigurations = (
				1CE04A2323928E57000C99D9 /* Debug */,
				1CE04A2423928E57000C99D9 /* Release */,
			);
			defaultConfigurationIsVisible = 0;
			defaultConfigurationName = Release;
		};
/* End XCConfigurationList section */
	};
	rootObject = 1CE049EA23928E55000C99D9 /* Project object */;
}
